
Microsoft Visual Studio Solution File, Format Version 12.00
# Visual Studio Version 17
VisualStudioVersion = 17.14.36511.14 d17.14
MinimumVisualStudioVersion = 10.0.40219.1
Project("{FAE04EC0-301F-11D3-BF4B-00C04F79EFBC}") = "Detector-TurboGenerador", "Detector-TurboGenerador\Detector-TurboGenerador.csproj", "{1C0EA763-32A5-4102-892D-820CCAA3E968}"
EndProject
Global
	GlobalSection(SolutionConfigurationPlatforms) = preSolution
		Debug|Any CPU = Debug|Any CPU
		Release|Any CPU = Release|Any CPU
	EndGlobalSection
	GlobalSection(ProjectConfigurationPlatforms) = postSolution
		{1C0EA763-32A5-4102-892D-820CCAA3E968}.Debug|Any CPU.ActiveCfg = Debug|Any CPU
		{1C0EA763-32A5-4102-892D-820CCAA3E968}.Debug|Any CPU.Build.0 = Debug|Any CPU
		{1C0EA763-32A5-4102-892D-820CCAA3E968}.Release|Any CPU.ActiveCfg = Release|Any CPU
		{1C0EA763-32A5-4102-892D-820CCAA3E968}.Release|Any CPU.Build.0 = Release|Any CPU
	EndGlobalSection
	GlobalSection(SolutionProperties) = preSolution
		HideSolutionNode = FALSE
	EndGlobalSection
	GlobalSection(ExtensibilityGlobals) = postSolution
		SolutionGuid = {A980823E-F6B6-4B39-A734-B8EF207869DE}
	EndGlobalSection
EndGlobal
